// !$*UTF8*$!
{
	archiveVersion = 1;
	classes = {
	};
	objectVersion = 56;
	objects = {

/* Begin PBXBuildFile section */
		320756B02C7F473A00E6FE9E /* MovieDetailsFile.swift in Sources */ = {isa = PBXBuildFile; fileRef = 320756AF2C7F473A00E6FE9E /* MovieDetailsFile.swift */; };
		320756B22C7F479300E6FE9E /* MoviesDetailViewController.swift in Sources */ = {isa = PBXBuildFile; fileRef = 320756B12C7F479300E6FE9E /* MoviesDetailViewController.swift */; };
		32B1D5A32C7DE8B900E3945A /* AppDelegate.swift in Sources */ = {isa = PBXBuildFile; fileRef = 32B1D5A22C7DE8B900E3945A /* AppDelegate.swift */; };
		32B1D5A52C7DE8B900E3945A /* SceneDelegate.swift in Sources */ = {isa = PBXBuildFile; fileRef = 32B1D5A42C7DE8B900E3945A /* SceneDelegate.swift */; };
		32B1D5A72C7DE8B900E3945A /* ViewController.swift in Sources */ = {isa = PBXBuildFile; fileRef = 32B1D5A62C7DE8B900E3945A /* ViewController.swift */; };
		32B1D5AA2C7DE8B900E3945A /* Main.storyboard in Resources */ = {isa = PBXBuildFile; fileRef = 32B1D5A82C7DE8B900E3945A /* Main.storyboard */; };
		32B1D5AC2C7DE8BD00E3945A /* Assets.xcassets in Resources */ = {isa = PBXBuildFile; fileRef = 32B1D5AB2C7DE8BD00E3945A /* Assets.xcassets */; };
		32B1D5AF2C7DE8BD00E3945A /* LaunchScreen.storyboard in Resources */ = {isa = PBXBuildFile; fileRef = 32B1D5AD2C7DE8BD00E3945A /* LaunchScreen.storyboard */; };
		32B1D5B72C7E049400E3945A /* File.swift in Sources */ = {isa = PBXBuildFile; fileRef = 32B1D5B62C7E049400E3945A /* File.swift */; };
		32B1D5B92C7E065100E3945A /* FetchDetails.swift in Sources */ = {isa = PBXBuildFile; fileRef = 32B1D5B82C7E065100E3945A /* FetchDetails.swift */; };
		32B1D5BB2C7E08D100E3945A /* MoviesViewController.swift in Sources */ = {isa = PBXBuildFile; fileRef = 32B1D5BA2C7E08D100E3945A /* MoviesViewController.swift */; };
		32B1D5BD2C7E0DBD00E3945A /* TableViewcell.swift in Sources */ = {isa = PBXBuildFile; fileRef = 32B1D5BC2C7E0DBD00E3945A /* TableViewcell.swift */; };
/* End PBXBuildFile section */

/* Begin PBXFileReference section */
		320756AF2C7F473A00E6FE9E /* MovieDetailsFile.swift */ = {isa = PBXFileReference; lastKnownFileType = sourcecode.swift; path = MovieDetailsFile.swift; sourceTree = "<group>"; };
		320756B12C7F479300E6FE9E /* MoviesDetailViewController.swift */ = {isa = PBXFileReference; lastKnownFileType = sourcecode.swift; path = MoviesDetailViewController.swift; sourceTree = "<group>"; };
		32B1D59F2C7DE8B900E3945A /* iosTask.app */ = {isa = PBXFileReference; explicitFileType = wrapper.application; includeInIndex = 0; path = iosTask.app; sourceTree = BUILT_PRODUCTS_DIR; };
		32B1D5A22C7DE8B900E3945A /* AppDelegate.swift */ = {isa = PBXFileReference; lastKnownFileType = sourcecode.swift; path = AppDelegate.swift; sourceTree = "<group>"; };
		32B1D5A42C7DE8B900E3945A /* SceneDelegate.swift */ = {isa = PBXFileReference; lastKnownFileType = sourcecode.swift; path = SceneDelegate.swift; sourceTree = "<group>"; };
		32B1D5A62C7DE8B900E3945A /* ViewController.swift */ = {isa = PBXFileReference; lastKnownFileType = sourcecode.swift; path = ViewController.swift; sourceTree = "<group>"; };
		32B1D5A92C7DE8B900E3945A /* Base */ = {isa = PBXFileReference; lastKnownFileType = file.storyboard; name = Base; path = Base.lproj/Main.storyboard; sourceTree = "<group>"; };
		32B1D5AB2C7DE8BD00E3945A /* Assets.xcassets */ = {isa = PBXFileReference; lastKnownFileType = folder.assetcatalog; path = Assets.xcassets; sourceTree = "<group>"; };
		32B1D5AE2C7DE8BD00E3945A /* Base */ = {isa = PBXFileReference; lastKnownFileType = file.storyboard; name = Base; path = Base.lproj/LaunchScreen.storyboard; sourceTree = "<group>"; };
		32B1D5B02C7DE8BD00E3945A /* Info.plist */ = {isa = PBXFileReference; lastKnownFileType = text.plist.xml; path = Info.plist; sourceTree = "<group>"; };
		32B1D5B62C7E049400E3945A /* File.swift */ = {isa = PBXFileReference; lastKnownFileType = sourcecode.swift; path = File.swift; sourceTree = "<group>"; };
		32B1D5B82C7E065100E3945A /* FetchDetails.swift */ = {isa = PBXFileReference; lastKnownFileType = sourcecode.swift; path = FetchDetails.swift; sourceTree = "<group>"; };
		32B1D5BA2C7E08D100E3945A /* MoviesViewController.swift */ = {isa = PBXFileReference; lastKnownFileType = sourcecode.swift; path = MoviesViewController.swift; sourceTree = "<group>"; };
		32B1D5BC2C7E0DBD00E3945A /* TableViewcell.swift */ = {isa = PBXFileReference; lastKnownFileType = sourcecode.swift; path = TableViewcell.swift; sourceTree = "<group>"; };
/* End PBXFileReference section */

/* Begin PBXFrameworksBuildPhase section */
		32B1D59C2C7DE8B900E3945A /* Frameworks */ = {
			isa = PBXFrameworksBuildPhase;
			buildActionMask = 2147483647;
			files = (
			);
			runOnlyForDeploymentPostprocessing = 0;
		};
/* End PBXFrameworksBuildPhase section */

/* Begin PBXGroup section */
		32B1D5962C7DE8B900E3945A = {
			isa = PBXGroup;
			children = (
				32B1D5A12C7DE8B900E3945A /* iosTask */,
				32B1D5A02C7DE8B900E3945A /* Products */,
			);
			sourceTree = "<group>";
		};
		32B1D5A02C7DE8B900E3945A /* Products */ = {
			isa = PBXGroup;
			children = (
				32B1D59F2C7DE8B900E3945A /* iosTask.app */,
			);
			name = Products;
			sourceTree = "<group>";
		};
		32B1D5A12C7DE8B900E3945A /* iosTask */ = {
			isa = PBXGroup;
			children = (
				32B1D5A22C7DE8B900E3945A /* AppDelegate.swift */,
				32B1D5A42C7DE8B900E3945A /* SceneDelegate.swift */,
				32B1D5A62C7DE8B900E3945A /* ViewController.swift */,
				320756AF2C7F473A00E6FE9E /* MovieDetailsFile.swift */,
				320756B12C7F479300E6FE9E /* MoviesDetailViewController.swift */,
				32B1D5A82C7DE8B900E3945A /* Main.storyboard */,
				32B1D5BC2C7E0DBD00E3945A /* TableViewcell.swift */,
				32B1D5B62C7E049400E3945A /* File.swift */,
				32B1D5B82C7E065100E3945A /* FetchDetails.swift */,
				32B1D5BA2C7E08D100E3945A /* MoviesViewController.swift */,
				32B1D5AB2C7DE8BD00E3945A /* Assets.xcassets */,
				32B1D5AD2C7DE8BD00E3945A /* LaunchScreen.storyboard */,
				32B1D5B02C7DE8BD00E3945A /* Info.plist */,
			);
			path = iosTask;
			sourceTree = "<group>";
		};
/* End PBXGroup section */

/* Begin PBXNativeTarget section */
		32B1D59E2C7DE8B900E3945A /* iosTask */ = {
			isa = PBXNativeTarget;
			buildConfigurationList = 32B1D5B32C7DE8BD00E3945A /* Build configuration list for PBXNativeTarget "iosTask" */;
			buildPhases = (
				32B1D59B2C7DE8B900E3945A /* Sources */,
				32B1D59C2C7DE8B900E3945A /* Frameworks */,
				32B1D59D2C7DE8B900E3945A /* Resources */,
			);
			buildRules = (
			);
			dependencies = (
			);
			name = iosTask;
			productName = iosTask;
			productReference = 32B1D59F2C7DE8B900E3945A /* iosTask.app */;
			productType = "com.apple.product-type.application";
		};
/* End PBXNativeTarget section */

/* Begin PBXProject section */
		32B1D5972C7DE8B900E3945A /* Project object */ = {
			isa = PBXProject;
			attributes = {
				BuildIndependentTargetsInParallel = 1;
				LastSwiftUpdateCheck = 1500;
				LastUpgradeCheck = 1500;
				TargetAttributes = {
					32B1D59E2C7DE8B900E3945A = {
						CreatedOnToolsVersion = 15.0;
					};
				};
			};
			buildConfigurationList = 32B1D59A2C7DE8B900E3945A /* Build configuration list for PBXProject "iosTask" */;
			compatibilityVersion = "Xcode 14.0";
			developmentRegion = en;
			hasScannedForEncodings = 0;
			knownRegions = (
				en,
				Base,
			);
			mainGroup = 32B1D5962C7DE8B900E3945A;
			productRefGroup = 32B1D5A02C7DE8B900E3945A /* Products */;
			projectDirPath = "";
			projectRoot = "";
			targets = (
				32B1D59E2C7DE8B900E3945A /* iosTask */,
			);
		};
/* End PBXProject section */

/* Begin PBXResourcesBuildPhase section */
		32B1D59D2C7DE8B900E3945A /* Resources */ = {
			isa = PBXResourcesBuildPhase;
			buildActionMask = 2147483647;
			files = (
				32B1D5AF2C7DE8BD00E3945A /* LaunchScreen.storyboard in Resources */,
				32B1D5AC2C7DE8BD00E3945A /* Assets.xcassets in Resources */,
				32B1D5AA2C7DE8B900E3945A /* Main.storyboard in Resources */,
			);
			runOnlyForDeploymentPostprocessing = 0;
		};
/* End PBXResourcesBuildPhase section */

/* Begin PBXSourcesBuildPhase section */
		32B1D59B2C7DE8B900E3945A /* Sources */ = {
			isa = PBXSourcesBuildPhase;
			buildActionMask = 2147483647;
			files = (
				32B1D5A72C7DE8B900E3945A /* ViewController.swift in Sources */,
				32B1D5B72C7E049400E3945A /* File.swift in Sources */,
				32B1D5A32C7DE8B900E3945A /* AppDelegate.swift in Sources */,
				32B1D5B92C7E065100E3945A /* FetchDetails.swift in Sources */,
				32B1D5A52C7DE8B900E3945A /* SceneDelegate.swift in Sources */,
				320756B22C7F479300E6FE9E /* MoviesDetailViewController.swift in Sources */,
				32B1D5BB2C7E08D100E3945A /* MoviesViewController.swift in Sources */,
				32B1D5BD2C7E0DBD00E3945A /* TableViewcell.swift in Sources */,
				320756B02C7F473A00E6FE9E /* MovieDetailsFile.swift in Sources */,
			);
			runOnlyForDeploymentPostprocessing = 0;
		};
/* End PBXSourcesBuildPhase section */

/* Begin PBXVariantGroup section */
		32B1D5A82C7DE8B900E3945A /* Main.storyboard */ = {
			isa = PBXVariantGroup;
			children = (
				32B1D5A92C7DE8B900E3945A /* Base */,
			);
			name = Main.storyboard;
			sourceTree = "<group>";
		};
		32B1D5AD2C7DE8BD00E3945A /* LaunchScreen.storyboard */ = {
			isa = PBXVariantGroup;
			children = (
				32B1D5AE2C7DE8BD00E3945A /* Base */,
			);
			name = LaunchScreen.storyboard;
			sourceTree = "<group>";
		};
/* End PBXVariantGroup section */

/* Begin XCBuildConfiguration section */
		32B1D5B12C7DE8BD00E3945A /* Debug */ = {
			isa = XCBuildConfiguration;
			buildSettings = {
				ALWAYS_SEARCH_USER_PATHS = NO;
				ASSETCATALOG_COMPILER_GENERATE_SWIFT_ASSET_SYMBOL_EXTENSIONS = YES;
				CLANG_ANALYZER_NONNULL = YES;
				CLANG_ANALYZER_NUMBER_OBJECT_CONVERSION = YES_AGGRESSIVE;
				CLANG_CXX_LANGUAGE_STANDARD = "gnu++20";
				CLANG_ENABLE_MODULES = YES;
				CLANG_ENABLE_OBJC_ARC = YES;
				CLANG_ENABLE_OBJC_WEAK = YES;
				CLANG_WARN_BLOCK_CAPTURE_AUTORELEASING = YES;
				CLANG_WARN_BOOL_CONVERSION = YES;
				CLANG_WARN_COMMA = YES;
				CLANG_WARN_CONSTANT_CONVERSION = YES;
				CLANG_WARN_DEPRECATED_OBJC_IMPLEMENTATIONS = YES;
				CLANG_WARN_DIRECT_OBJC_ISA_USAGE = YES_ERROR;
				CLANG_WARN_DOCUMENTATION_COMMENTS = YES;
				CLANG_WARN_EMPTY_BODY = YES;
				CLANG_WARN_ENUM_CONVERSION = YES;
				CLANG_WARN_INFINITE_RECURSION = YES;
				CLANG_WARN_INT_CONVERSION = YES;
				CLANG_WARN_NON_LITERAL_NULL_CONVERSION = YES;
				CLANG_WARN_OBJC_IMPLICIT_RETAIN_SELF = YES;
				CLANG_WARN_OBJC_LITERAL_CONVERSION = YES;
				CLANG_WARN_OBJC_ROOT_CLASS = YES_ERROR;
				CLANG_WARN_QUOTED_INCLUDE_IN_FRAMEWORK_HEADER = YES;
				CLANG_WARN_RANGE_LOOP_ANALYSIS = YES;
				CLANG_WARN_STRICT_PROTOTYPES = YES;
				CLANG_WARN_SUSPICIOUS_MOVE = YES;
				CLANG_WARN_UNGUARDED_AVAILABILITY = YES_AGGRESSIVE;
				CLANG_WARN_UNREACHABLE_CODE = YES;
				CLANG_WARN__DUPLICATE_METHOD_MATCH = YES;
				COPY_PHASE_STRIP = NO;
				DEBUG_INFORMATION_FORMAT = dwarf;
				ENABLE_STRICT_OBJC_MSGSEND = YES;
				ENABLE_TESTABILITY = YES;
				ENABLE_USER_SCRIPT_SANDBOXING = YES;
				GCC_C_LANGUAGE_STANDARD = gnu17;
				GCC_DYNAMIC_NO_PIC = NO;
				GCC_NO_COMMON_BLOCKS = YES;
				GCC_OPTIMIZATION_LEVEL = 0;
				GCC_PREPROCESSOR_DEFINITIONS = (
					"DEBUG=1",
					"$(inherited)",
				);
				GCC_WARN_64_TO_32_BIT_CONVERSION = YES;
				GCC_WARN_ABOUT_RETURN_TYPE = YES_ERROR;
				GCC_WARN_UNDECLARED_SELECTOR = YES;
				GCC_WARN_UNINITIALIZED_AUTOS = YES_AGGRESSIVE;
				GCC_WARN_UNUSED_FUNCTION = YES;
				GCC_WARN_UNUSED_VARIABLE = YES;
				IPHONEOS_DEPLOYMENT_TARGET = 17.0;
				LOCALIZATION_PREFERS_STRING_CATALOGS = YES;
				MTL_ENABLE_DEBUG_INFO = INCLUDE_SOURCE;
				MTL_FAST_MATH = YES;
				ONLY_ACTIVE_ARCH = YES;
				SDKROOT = iphoneos;
				SWIFT_ACTIVE_COMPILATION_CONDITIONS = "DEBUG $(inherited)";
				SWIFT_OPTIMIZATION_LEVEL = "-Onone";
			};
			name = Debug;
		};
		32B1D5B22C7DE8BD00E3945A /* Release */ = {
			isa = XCBuildConfiguration;
			buildSettings = {
				ALWAYS_SEARCH_USER_PATHS = NO;
				ASSETCATALOG_COMPILER_GENERATE_SWIFT_ASSET_SYMBOL_EXTENSIONS = YES;
				CLANG_ANALYZER_NONNULL = YES;
				CLANG_ANALYZER_NUMBER_OBJECT_CONVERSION = YES_AGGRESSIVE;
				CLANG_CXX_LANGUAGE_STANDARD = "gnu++20";
				CLANG_ENABLE_MODULES = YES;
				CLANG_ENABLE_OBJC_ARC = YES;
				CLANG_ENABLE_OBJC_WEAK = YES;
				CLANG_WARN_BLOCK_CAPTURE_AUTORELEASING = YES;
				CLANG_WARN_BOOL_CONVERSION = YES;
				CLANG_WARN_COMMA = YES;
				CLANG_WARN_CONSTANT_CONVERSION = YES;
				CLANG_WARN_DEPRECATED_OBJC_IMPLEMENTATIONS = YES;
				CLANG_WARN_DIRECT_OBJC_ISA_USAGE = YES_ERROR;
				CLANG_WARN_DOCUMENTATION_COMMENTS = YES;
				CLANG_WARN_EMPTY_BODY = YES;
				CLANG_WARN_ENUM_CONVERSION = YES;
				CLANG_WARN_INFINITE_RECURSION = YES;
				CLANG_WARN_INT_CONVERSION = YES;
				CLANG_WARN_NON_LITERAL_NULL_CONVERSION = YES;
				CLANG_WARN_OBJC_IMPLICIT_RETAIN_SELF = YES;
				CLANG_WARN_OBJC_LITERAL_CONVERSION = YES;
				CLANG_WARN_OBJC_ROOT_CLASS = YES_ERROR;
				CLANG_WARN_QUOTED_INCLUDE_IN_FRAMEWORK_HEADER = YES;
				CLANG_WARN_RANGE_LOOP_ANALYSIS = YES;
				CLANG_WARN_STRICT_PROTOTYPES = YES;
				CLANG_WARN_SUSPICIOUS_MOVE = YES;
				CLANG_WARN_UNGUARDED_AVAILABILITY = YES_AGGRESSIVE;
				CLANG_WARN_UNREACHABLE_CODE = YES;
				CLANG_WARN__DUPLICATE_METHOD_MATCH = YES;
				COPY_PHASE_STRIP = NO;
				DEBUG_INFORMATION_FORMAT = "dwarf-with-dsym";
				ENABLE_NS_ASSERTIONS = NO;
				ENABLE_STRICT_OBJC_MSGSEND = YES;
				ENABLE_USER_SCRIPT_SANDBOXING = YES;
				GCC_C_LANGUAGE_STANDARD = gnu17;
				GCC_NO_COMMON_BLOCKS = YES;
				GCC_WARN_64_TO_32_BIT_CONVERSION = YES;
				GCC_WARN_ABOUT_RETURN_TYPE = YES_ERROR;
				GCC_WARN_UNDECLARED_SELECTOR = YES;
				GCC_WARN_UNINITIALIZED_AUTOS = YES_AGGRESSIVE;
				GCC_WARN_UNUSED_FUNCTION = YES;
				GCC_WARN_UNUSED_VARIABLE = YES;
				IPHONEOS_DEPLOYMENT_TARGET = 17.0;
				LOCALIZATION_PREFERS_STRING_CATALOGS = YES;
				MTL_ENABLE_DEBUG_INFO = NO;
				MTL_FAST_MATH = YES;
				SDKROOT = iphoneos;
				SWIFT_COMPILATION_MODE = wholemodule;
				VALIDATE_PRODUCT = YES;
			};
			name = Release;
		};
		32B1D5B42C7DE8BD00E3945A /* Debug */ = {
			isa = XCBuildConfiguration;
			buildSettings = {
				ASSETCATALOG_COMPILER_APPICON_NAME = AppIcon;
				ASSETCATALOG_COMPILER_GLOBAL_ACCENT_COLOR_NAME = AccentColor;
				CODE_SIGN_STYLE = Automatic;
				CURRENT_PROJECT_VERSION = 1;
				GENERATE_INFOPLIST_FILE = YES;
				INFOPLIST_FILE = iosTask/Info.plist;
				INFOPLIST_KEY_UIApplicationSupportsIndirectInputEvents = YES;
				INFOPLIST_KEY_UILaunchStoryboardName = LaunchScreen;
				INFOPLIST_KEY_UIMainStoryboardFile = Main;
				INFOPLIST_KEY_UISupportedInterfaceOrientations_iPad = "UIInterfaceOrientationPortrait UIInterfaceOrientationPortraitUpsideDown UIInterfaceOrientationLandscapeLeft UIInterfaceOrientationLandscapeRight";
				INFOPLIST_KEY_UISupportedInterfaceOrientations_iPhone = "UIInterfaceOrientationPortrait UIInterfaceOrientationLandscapeLeft UIInterfaceOrientationLandscapeRight";
				LD_RUNPATH_SEARCH_PATHS = (
					"$(inherited)",
					"@executable_path/Frameworks",
				);
				MARKETING_VERSION = 1.0;
				PRODUCT_BUNDLE_IDENTIFIER = com.task.com.iosTask;
				PRODUCT_NAME = "$(TARGET_NAME)";
				SWIFT_EMIT_LOC_STRINGS = YES;
				SWIFT_VERSION = 5.0;
				TARGETED_DEVICE_FAMILY = "1,2";
			};
			name = Debug;
		};
		32B1D5B52C7DE8BD00E3945A /* Release */ = {
			isa = XCBuildConfiguration;
			buildSettings = {
				ASSETCATALOG_COMPILER_APPICON_NAME = AppIcon;
				ASSETCATALOG_COMPILER_GLOBAL_ACCENT_COLOR_NAME = AccentColor;
				CODE_SIGN_STYLE = Automatic;
				CURRENT_PROJECT_VERSION = 1;
				GENERATE_INFOPLIST_FILE = YES;
				INFOPLIST_FILE = iosTask/Info.plist;
				INFOPLIST_KEY_UIApplicationSupportsIndirectInputEvents = YES;
				INFOPLIST_KEY_UILaunchStoryboardName = LaunchScreen;
				INFOPLIST_KEY_UIMainStoryboardFile = Main;
				INFOPLIST_KEY_UISupportedInterfaceOrientations_iPad = "UIInterfaceOrientationPortrait UIInterfaceOrientationPortraitUpsideDown UIInterfaceOrientationLandscapeLeft UIInterfaceOrientationLandscapeRight";
				INFOPLIST_KEY_UISupportedInterfaceOrientations_iPhone = "UIInterfaceOrientationPortrait UIInterfaceOrientationLandscapeLeft UIInterfaceOrientationLandscapeRight";
				LD_RUNPATH_SEARCH_PATHS = (
					"$(inherited)",
					"@executable_path/Frameworks",
				);
				MARKETING_VERSION = 1.0;
				PRODUCT_BUNDLE_IDENTIFIER = com.task.com.iosTask;
				PRODUCT_NAME = "$(TARGET_NAME)";
				SWIFT_EMIT_LOC_STRINGS = YES;
				SWIFT_VERSION = 5.0;
				TARGETED_DEVICE_FAMILY = "1,2";
			};
			name = Release;
		};
/* End XCBuildConfiguration section */

/* Begin XCConfigurationList section */
		32B1D59A2C7DE8B900E3945A /* Build configuration list for PBXProject "iosTask" */ = {
			isa = XCConfigurationList;
			buildConfigurations = (
				32B1D5B12C7DE8BD00E3945A /* Debug */,
				32B1D5B22C7DE8BD00E3945A /* Release */,
			);
			defaultConfigurationIsVisible = 0;
			defaultConfigurationName = Release;
		};
		32B1D5B32C7DE8BD00E3945A /* Build configuration list for PBXNativeTarget "iosTask" */ = {
			isa = XCConfigurationList;
			buildConfigurations = (
				32B1D5B42C7DE8BD00E3945A /* Debug */,
				32B1D5B52C7DE8BD00E3945A /* Release */,
			);
			defaultConfigurationIsVisible = 0;
			defaultConfigurationName = Release;
		};
/* End XCConfigurationList section */
	};
	rootObject = 32B1D5972C7DE8B900E3945A /* Project object */;
}
